
Microsoft Visual Studio Solution File, Format Version 12.00
# Visual Studio Version 16
VisualStudioVersion = 16.0.31729.503
MinimumVisualStudioVersion = 10.0.40219.1
Project("{FAE04EC0-301F-11D3-BF4B-00C04F79EFBC}") = "RegalHubCertificate", "RegalHubCertificate\RegalHubCertificate.csproj", "{D19F1B65-DC54-4C2C-8BF5-C96FA0036F09}"
EndProject
Global
	GlobalSection(SolutionConfigurationPlatforms) = preSolution
		Debug|Any CPU = Debug|Any CPU
		Release|Any CPU = Release|Any CPU
	EndGlobalSection
	GlobalSection(ProjectConfigurationPlatforms) = postSolution
		{D19F1B65-DC54-4C2C-8BF5-C96FA0036F09}.Debug|Any CPU.ActiveCfg = Debug|Any CPU
		{D19F1B65-DC54-4C2C-8BF5-C96FA0036F09}.Debug|Any CPU.Build.0 = Debug|Any CPU
		{D19F1B65-DC54-4C2C-8BF5-C96FA0036F09}.Release|Any CPU.ActiveCfg = Release|Any CPU
		{D19F1B65-DC54-4C2C-8BF5-C96FA0036F09}.Release|Any CPU.Build.0 = Release|Any CPU
	EndGlobalSection
	GlobalSection(SolutionProperties) = preSolution
		HideSolutionNode = FALSE
	EndGlobalSection
	GlobalSection(ExtensibilityGlobals) = postSolution
		SolutionGuid = {BBAFE764-8F04-42B1-A269-DBA24F38EE8B}
	EndGlobalSection
EndGlobal
